
Microsoft Visual Studio Solution File, Format Version 12.00
# Visual Studio Version 16
VisualStudioVersion = 16.0.30114.105
MinimumVisualStudioVersion = 10.0.40219.1
Project("{9A19103F-16F7-4668-BE54-9A1E7A4F7556}") = "Maersk.Integrations.EventBus", "Common\Integration\Maersk.Integrations.EventBus\Maersk.Integrations.EventBus.csproj", "{C1004F2E-0FF8-4F4B-901E-971C7B9CF184}"
EndProject
Project("{2150E333-8FDC-42A3-9474-1A3956D46DE8}") = "Common", "Common", "{25E2D755-8D3B-48BF-961A-C3AC2F6C1AD9}"
EndProject
Project("{2150E333-8FDC-42A3-9474-1A3956D46DE8}") = "Integration", "Integration", "{561B16B8-456D-4633-8CD4-EC2E206B2485}"
EndProject
Project("{9A19103F-16F7-4668-BE54-9A1E7A4F7556}") = "Maersk.Integrations.RabbitMQ", "Common\Integration\Maersk.Integrations.RabbitMQ\Maersk.Integrations.RabbitMQ.csproj", "{491064EC-B042-4AD1-AC2B-7EC9BE955FDE}"
EndProject
Project("{2150E333-8FDC-42A3-9474-1A3956D46DE8}") = "pub", "pub", "{22979438-6F86-420E-84D6-9796EB5BA19C}"
EndProject
Project("{9A19103F-16F7-4668-BE54-9A1E7A4F7556}") = "pub", "pub\pub.csproj", "{67A540DC-1E85-4139-899A-073C6021A4A7}"
EndProject
Project("{2150E333-8FDC-42A3-9474-1A3956D46DE8}") = "sub", "sub", "{CEF14C86-249D-4334-BED1-FF2E9D90F749}"
EndProject
Project("{9A19103F-16F7-4668-BE54-9A1E7A4F7556}") = "sub", "sub\sub.csproj", "{CDBF5D8A-BF6D-464F-AACA-166347999D1F}"
EndProject
Project("{9A19103F-16F7-4668-BE54-9A1E7A4F7556}") = "Maersk.Integrations.Events.Entities", "Common\Integration\Maersk.Integrations.Events.Entities\Maersk.Integrations.Events.Entities.csproj", "{0150F259-D637-44EC-A09B-154BF2F11A41}"
EndProject
Project("{2150E333-8FDC-42A3-9474-1A3956D46DE8}") = "Messages", "Messages", "{20E586BE-0147-4FCD-B686-9F2506E0ED65}"
EndProject
Project("{FAE04EC0-301F-11D3-BF4B-00C04F79EFBC}") = "IntegrationEvents", "IntegrationEvents\IntegrationEvents.csproj", "{F6895DA4-F9DE-4184-BA53-8CB770B8FD48}"
EndProject
Global
	GlobalSection(SolutionConfigurationPlatforms) = preSolution
		Debug|Any CPU = Debug|Any CPU
		Debug|x64 = Debug|x64
		Debug|x86 = Debug|x86
		Release|Any CPU = Release|Any CPU
		Release|x64 = Release|x64
		Release|x86 = Release|x86
	EndGlobalSection
	GlobalSection(ProjectConfigurationPlatforms) = postSolution
		{C1004F2E-0FF8-4F4B-901E-971C7B9CF184}.Debug|Any CPU.ActiveCfg = Debug|Any CPU
		{C1004F2E-0FF8-4F4B-901E-971C7B9CF184}.Debug|Any CPU.Build.0 = Debug|Any CPU
		{C1004F2E-0FF8-4F4B-901E-971C7B9CF184}.Debug|x64.ActiveCfg = Debug|Any CPU
		{C1004F2E-0FF8-4F4B-901E-971C7B9CF184}.Debug|x64.Build.0 = Debug|Any CPU
		{C1004F2E-0FF8-4F4B-901E-971C7B9CF184}.Debug|x86.ActiveCfg = Debug|Any CPU
		{C1004F2E-0FF8-4F4B-901E-971C7B9CF184}.Debug|x86.Build.0 = Debug|Any CPU
		{C1004F2E-0FF8-4F4B-901E-971C7B9CF184}.Release|Any CPU.ActiveCfg = Release|Any CPU
		{C1004F2E-0FF8-4F4B-901E-971C7B9CF184}.Release|Any CPU.Build.0 = Release|Any CPU
		{C1004F2E-0FF8-4F4B-901E-971C7B9CF184}.Release|x64.ActiveCfg = Release|Any CPU
		{C1004F2E-0FF8-4F4B-901E-971C7B9CF184}.Release|x64.Build.0 = Release|Any CPU
		{C1004F2E-0FF8-4F4B-901E-971C7B9CF184}.Release|x86.ActiveCfg = Release|Any CPU
		{C1004F2E-0FF8-4F4B-901E-971C7B9CF184}.Release|x86.Build.0 = Release|Any CPU
		{491064EC-B042-4AD1-AC2B-7EC9BE955FDE}.Debug|Any CPU.ActiveCfg = Debug|Any CPU
		{491064EC-B042-4AD1-AC2B-7EC9BE955FDE}.Debug|Any CPU.Build.0 = Debug|Any CPU
		{491064EC-B042-4AD1-AC2B-7EC9BE955FDE}.Debug|x64.ActiveCfg = Debug|Any CPU
		{491064EC-B042-4AD1-AC2B-7EC9BE955FDE}.Debug|x64.Build.0 = Debug|Any CPU
		{491064EC-B042-4AD1-AC2B-7EC9BE955FDE}.Debug|x86.ActiveCfg = Debug|Any CPU
		{491064EC-B042-4AD1-AC2B-7EC9BE955FDE}.Debug|x86.Build.0 = Debug|Any CPU
		{491064EC-B042-4AD1-AC2B-7EC9BE955FDE}.Release|Any CPU.ActiveCfg = Release|Any CPU
		{491064EC-B042-4AD1-AC2B-7EC9BE955FDE}.Release|Any CPU.Build.0 = Release|Any CPU
		{491064EC-B042-4AD1-AC2B-7EC9BE955FDE}.Release|x64.ActiveCfg = Release|Any CPU
		{491064EC-B042-4AD1-AC2B-7EC9BE955FDE}.Release|x64.Build.0 = Release|Any CPU
		{491064EC-B042-4AD1-AC2B-7EC9BE955FDE}.Release|x86.ActiveCfg = Release|Any CPU
		{491064EC-B042-4AD1-AC2B-7EC9BE955FDE}.Release|x86.Build.0 = Release|Any CPU
		{67A540DC-1E85-4139-899A-073C6021A4A7}.Debug|Any CPU.ActiveCfg = Debug|Any CPU
		{67A540DC-1E85-4139-899A-073C6021A4A7}.Debug|Any CPU.Build.0 = Debug|Any CPU
		{67A540DC-1E85-4139-899A-073C6021A4A7}.Debug|x64.ActiveCfg = Debug|Any CPU
		{67A540DC-1E85-4139-899A-073C6021A4A7}.Debug|x64.Build.0 = Debug|Any CPU
		{67A540DC-1E85-4139-899A-073C6021A4A7}.Debug|x86.ActiveCfg = Debug|Any CPU
		{67A540DC-1E85-4139-899A-073C6021A4A7}.Debug|x86.Build.0 = Debug|Any CPU
		{67A540DC-1E85-4139-899A-073C6021A4A7}.Release|Any CPU.ActiveCfg = Release|Any CPU
		{67A540DC-1E85-4139-899A-073C6021A4A7}.Release|Any CPU.Build.0 = Release|Any CPU
		{67A540DC-1E85-4139-899A-073C6021A4A7}.Release|x64.ActiveCfg = Release|Any CPU
		{67A540DC-1E85-4139-899A-073C6021A4A7}.Release|x64.Build.0 = Release|Any CPU
		{67A540DC-1E85-4139-899A-073C6021A4A7}.Release|x86.ActiveCfg = Release|Any CPU
		{67A540DC-1E85-4139-899A-073C6021A4A7}.Release|x86.Build.0 = Release|Any CPU
		{CDBF5D8A-BF6D-464F-AACA-166347999D1F}.Debug|Any CPU.ActiveCfg = Debug|Any CPU
		{CDBF5D8A-BF6D-464F-AACA-166347999D1F}.Debug|Any CPU.Build.0 = Debug|Any CPU
		{CDBF5D8A-BF6D-464F-AACA-166347999D1F}.Debug|x64.ActiveCfg = Debug|Any CPU
		{CDBF5D8A-BF6D-464F-AACA-166347999D1F}.Debug|x64.Build.0 = Debug|Any CPU
		{CDBF5D8A-BF6D-464F-AACA-166347999D1F}.Debug|x86.ActiveCfg = Debug|Any CPU
		{CDBF5D8A-BF6D-464F-AACA-166347999D1F}.Debug|x86.Build.0 = Debug|Any CPU
		{CDBF5D8A-BF6D-464F-AACA-166347999D1F}.Release|Any CPU.ActiveCfg = Release|Any CPU
		{CDBF5D8A-BF6D-464F-AACA-166347999D1F}.Release|Any CPU.Build.0 = Release|Any CPU
		{CDBF5D8A-BF6D-464F-AACA-166347999D1F}.Release|x64.ActiveCfg = Release|Any CPU
		{CDBF5D8A-BF6D-464F-AACA-166347999D1F}.Release|x64.Build.0 = Release|Any CPU
		{CDBF5D8A-BF6D-464F-AACA-166347999D1F}.Release|x86.ActiveCfg = Release|Any CPU
		{CDBF5D8A-BF6D-464F-AACA-166347999D1F}.Release|x86.Build.0 = Release|Any CPU
		{0150F259-D637-44EC-A09B-154BF2F11A41}.Debug|Any CPU.ActiveCfg = Debug|Any CPU
		{0150F259-D637-44EC-A09B-154BF2F11A41}.Debug|Any CPU.Build.0 = Debug|Any CPU
		{0150F259-D637-44EC-A09B-154BF2F11A41}.Debug|x64.ActiveCfg = Debug|Any CPU
		{0150F259-D637-44EC-A09B-154BF2F11A41}.Debug|x64.Build.0 = Debug|Any CPU
		{0150F259-D637-44EC-A09B-154BF2F11A41}.Debug|x86.ActiveCfg = Debug|Any CPU
		{0150F259-D637-44EC-A09B-154BF2F11A41}.Debug|x86.Build.0 = Debug|Any CPU
		{0150F259-D637-44EC-A09B-154BF2F11A41}.Release|Any CPU.ActiveCfg = Release|Any CPU
		{0150F259-D637-44EC-A09B-154BF2F11A41}.Release|Any CPU.Build.0 = Release|Any CPU
		{0150F259-D637-44EC-A09B-154BF2F11A41}.Release|x64.ActiveCfg = Release|Any CPU
		{0150F259-D637-44EC-A09B-154BF2F11A41}.Release|x64.Build.0 = Release|Any CPU
		{0150F259-D637-44EC-A09B-154BF2F11A41}.Release|x86.ActiveCfg = Release|Any CPU
		{0150F259-D637-44EC-A09B-154BF2F11A41}.Release|x86.Build.0 = Release|Any CPU
		{F6895DA4-F9DE-4184-BA53-8CB770B8FD48}.Debug|Any CPU.ActiveCfg = Debug|Any CPU
		{F6895DA4-F9DE-4184-BA53-8CB770B8FD48}.Debug|Any CPU.Build.0 = Debug|Any CPU
		{F6895DA4-F9DE-4184-BA53-8CB770B8FD48}.Debug|x64.ActiveCfg = Debug|Any CPU
		{F6895DA4-F9DE-4184-BA53-8CB770B8FD48}.Debug|x64.Build.0 = Debug|Any CPU
		{F6895DA4-F9DE-4184-BA53-8CB770B8FD48}.Debug|x86.ActiveCfg = Debug|Any CPU
		{F6895DA4-F9DE-4184-BA53-8CB770B8FD48}.Debug|x86.Build.0 = Debug|Any CPU
		{F6895DA4-F9DE-4184-BA53-8CB770B8FD48}.Release|Any CPU.ActiveCfg = Release|Any CPU
		{F6895DA4-F9DE-4184-BA53-8CB770B8FD48}.Release|Any CPU.Build.0 = Release|Any CPU
		{F6895DA4-F9DE-4184-BA53-8CB770B8FD48}.Release|x64.ActiveCfg = Release|Any CPU
		{F6895DA4-F9DE-4184-BA53-8CB770B8FD48}.Release|x64.Build.0 = Release|Any CPU
		{F6895DA4-F9DE-4184-BA53-8CB770B8FD48}.Release|x86.ActiveCfg = Release|Any CPU
		{F6895DA4-F9DE-4184-BA53-8CB770B8FD48}.Release|x86.Build.0 = Release|Any CPU
	EndGlobalSection
	GlobalSection(SolutionProperties) = preSolution
		HideSolutionNode = FALSE
	EndGlobalSection
	GlobalSection(NestedProjects) = preSolution
		{C1004F2E-0FF8-4F4B-901E-971C7B9CF184} = {561B16B8-456D-4633-8CD4-EC2E206B2485}
		{561B16B8-456D-4633-8CD4-EC2E206B2485} = {25E2D755-8D3B-48BF-961A-C3AC2F6C1AD9}
		{491064EC-B042-4AD1-AC2B-7EC9BE955FDE} = {561B16B8-456D-4633-8CD4-EC2E206B2485}
		{67A540DC-1E85-4139-899A-073C6021A4A7} = {22979438-6F86-420E-84D6-9796EB5BA19C}
		{CDBF5D8A-BF6D-464F-AACA-166347999D1F} = {CEF14C86-249D-4334-BED1-FF2E9D90F749}
		{0150F259-D637-44EC-A09B-154BF2F11A41} = {561B16B8-456D-4633-8CD4-EC2E206B2485}
		{20E586BE-0147-4FCD-B686-9F2506E0ED65} = {25E2D755-8D3B-48BF-961A-C3AC2F6C1AD9}
		{F6895DA4-F9DE-4184-BA53-8CB770B8FD48} = {20E586BE-0147-4FCD-B686-9F2506E0ED65}
	EndGlobalSection
	GlobalSection(ExtensibilityGlobals) = postSolution
		SolutionGuid = {7071838D-F73A-42D3-BC8B-B9D52D350780}
	EndGlobalSection
EndGlobal
